
Microsoft Visual Studio Solution File, Format Version 12.00
# Visual Studio Version 17
VisualStudioVersion = 17.7.34221.43
MinimumVisualStudioVersion = 10.0.40219.1
Project("{9A19103F-16F7-4668-BE54-9A1E7A4F7556}") = "Store_App", "Store_App\Store_App.csproj", "{40FAF032-33EB-4579-BEC6-0A2FD672AD18}"
EndProject
Project("{9A19103F-16F7-4668-BE54-9A1E7A4F7556}") = "Unit_Test", "Unit_Test\Unit_Test.csproj", "{65E4FFCE-6E46-4494-A42E-17ACF89C9D62}"
EndProject
Project("{2150E333-8FDC-42A3-9474-1A3956D46DE8}") = "Solution Items", "Solution Items", "{9D573184-F5EA-4EEB-8137-C34100DDFA1D}"
	ProjectSection(SolutionItems) = preProject
		.editorconfig = .editorconfig
	EndProjectSection
EndProject
Global
	GlobalSection(SolutionConfigurationPlatforms) = preSolution
		Debug|Any CPU = Debug|Any CPU
		Release|Any CPU = Release|Any CPU
	EndGlobalSection
	GlobalSection(ProjectConfigurationPlatforms) = postSolution
		{40FAF032-33EB-4579-BEC6-0A2FD672AD18}.Debug|Any CPU.ActiveCfg = Debug|Any CPU
		{40FAF032-33EB-4579-BEC6-0A2FD672AD18}.Debug|Any CPU.Build.0 = Debug|Any CPU
		{40FAF032-33EB-4579-BEC6-0A2FD672AD18}.Release|Any CPU.ActiveCfg = Release|Any CPU
		{40FAF032-33EB-4579-BEC6-0A2FD672AD18}.Release|Any CPU.Build.0 = Release|Any CPU
		{65E4FFCE-6E46-4494-A42E-17ACF89C9D62}.Debug|Any CPU.ActiveCfg = Debug|Any CPU
		{65E4FFCE-6E46-4494-A42E-17ACF89C9D62}.Debug|Any CPU.Build.0 = Debug|Any CPU
		{65E4FFCE-6E46-4494-A42E-17ACF89C9D62}.Release|Any CPU.ActiveCfg = Release|Any CPU
		{65E4FFCE-6E46-4494-A42E-17ACF89C9D62}.Release|Any CPU.Build.0 = Release|Any CPU
	EndGlobalSection
	GlobalSection(SolutionProperties) = preSolution
		HideSolutionNode = FALSE
	EndGlobalSection
	GlobalSection(ExtensibilityGlobals) = postSolution
		SolutionGuid = {0994867D-F1B7-40BC-A2B1-7F76EC29493B}
	EndGlobalSection
EndGlobal
