
Microsoft Visual Studio Solution File, Format Version 12.00
# Visual Studio Version 17
VisualStudioVersion = 17.5.002.0
MinimumVisualStudioVersion = 10.0.40219.1
Project("{9A19103F-16F7-4668-BE54-9A1E7A4F7556}") = "Store_App", "Store_App.csproj", "{783EE868-959A-4426-8020-A8333B259F24}"
EndProject
Global
	GlobalSection(SolutionConfigurationPlatforms) = preSolution
		Debug|Any CPU = Debug|Any CPU
		Release|Any CPU = Release|Any CPU
	EndGlobalSection
	GlobalSection(ProjectConfigurationPlatforms) = postSolution
		{783EE868-959A-4426-8020-A8333B259F24}.Debug|Any CPU.ActiveCfg = Debug|Any CPU
		{783EE868-959A-4426-8020-A8333B259F24}.Debug|Any CPU.Build.0 = Debug|Any CPU
		{783EE868-959A-4426-8020-A8333B259F24}.Release|Any CPU.ActiveCfg = Release|Any CPU
		{783EE868-959A-4426-8020-A8333B259F24}.Release|Any CPU.Build.0 = Release|Any CPU
	EndGlobalSection
	GlobalSection(SolutionProperties) = preSolution
		HideSolutionNode = FALSE
	EndGlobalSection
	GlobalSection(ExtensibilityGlobals) = postSolution
		SolutionGuid = {D537FA0A-91B3-4374-925A-424A2D91105B}
	EndGlobalSection
EndGlobal
